
Microsoft Visual Studio Solution File, Format Version 12.00
# Visual Studio Version 17
VisualStudioVersion = 17.1.32210.238
MinimumVisualStudioVersion = 10.0.40219.1
Project("{FAE04EC0-301F-11D3-BF4B-00C04F79EFBC}") = "ToolbarRibbon", "ToolbarRibbon\ToolbarRibbon.csproj", "{4F931EA9-1CEB-4315-B24D-97C17EDC50E2}"
EndProject
Global
	GlobalSection(SolutionConfigurationPlatforms) = preSolution
		Debug|Any CPU = Debug|Any CPU
		Release|Any CPU = Release|Any CPU
	EndGlobalSection
	GlobalSection(ProjectConfigurationPlatforms) = postSolution
		{4F931EA9-1CEB-4315-B24D-97C17EDC50E2}.Debug|Any CPU.ActiveCfg = Debug|Any CPU
		{4F931EA9-1CEB-4315-B24D-97C17EDC50E2}.Debug|Any CPU.Build.0 = Debug|Any CPU
		{4F931EA9-1CEB-4315-B24D-97C17EDC50E2}.Release|Any CPU.ActiveCfg = Release|Any CPU
		{4F931EA9-1CEB-4315-B24D-97C17EDC50E2}.Release|Any CPU.Build.0 = Release|Any CPU
	EndGlobalSection
	GlobalSection(SolutionProperties) = preSolution
		HideSolutionNode = FALSE
	EndGlobalSection
	GlobalSection(ExtensibilityGlobals) = postSolution
		SolutionGuid = {D7380AE0-5660-4E79-8C98-9649FA31E667}
	EndGlobalSection
EndGlobal
